
Microsoft Visual Studio Solution File, Format Version 12.00
# Visual Studio Version 16
VisualStudioVersion = 16.0.30517.126
MinimumVisualStudioVersion = 10.0.40219.1
Project("{FAE04EC0-301F-11D3-BF4B-00C04F79EFBC}") = "CodeConvention", "CodeConvention\CodeConvention.csproj", "{60F3DEA5-6C89-40E2-90E0-C61EFAA7685D}"
EndProject
Global
	GlobalSection(SolutionConfigurationPlatforms) = preSolution
		Debug|Any CPU = Debug|Any CPU
		Release|Any CPU = Release|Any CPU
	EndGlobalSection
	GlobalSection(ProjectConfigurationPlatforms) = postSolution
		{60F3DEA5-6C89-40E2-90E0-C61EFAA7685D}.Debug|Any CPU.ActiveCfg = Debug|Any CPU
		{60F3DEA5-6C89-40E2-90E0-C61EFAA7685D}.Debug|Any CPU.Build.0 = Debug|Any CPU
		{60F3DEA5-6C89-40E2-90E0-C61EFAA7685D}.Release|Any CPU.ActiveCfg = Release|Any CPU
		{60F3DEA5-6C89-40E2-90E0-C61EFAA7685D}.Release|Any CPU.Build.0 = Release|Any CPU
	EndGlobalSection
	GlobalSection(SolutionProperties) = preSolution
		HideSolutionNode = FALSE
	EndGlobalSection
	GlobalSection(ExtensibilityGlobals) = postSolution
		SolutionGuid = {0E3AFD03-5CAC-4BB3-9AEC-A8A5D673E898}
	EndGlobalSection
EndGlobal
